# Generated by pub
# See https://dart.dev/tools/pub/glossary#lockfile
packages:
  fixnum:
    dependency: transitive
    description:
      name: fixnum
      url: "https://pub.dartlang.org"
    source: hosted
    version: "0.10.9"
  meta:
    dependency: "direct main"
    description:
      name: meta
      url: "https://pub.dartlang.org"
    source: hosted
    version: "1.1.7"
  protobuf:
    dependency: "direct main"
    description:
      name: protobuf
      url: "https://pub.dartlang.org"
    source: hosted
    version: "0.13.16+1"
sdks:
  dart: ">=2.5.0 <3.0.0"
